
Microsoft Visual Studio Solution File, Format Version 12.00
# Visual Studio Version 16
VisualStudioVersion = 16.0.30611.23
MinimumVisualStudioVersion = 10.0.40219.1
Project("{9A19103F-16F7-4668-BE54-9A1E7A4F7556}") = "ChatAppServer", "Server\ChatAppServer.csproj", "{3BFD26E8-960E-42F5-BF8D-342E1421042E}"
EndProject
Project("{FAE04EC0-301F-11D3-BF4B-00C04F79EFBC}") = "ChatAppClient", "ChatAppClient\ChatAppClient.csproj", "{EC290A96-2D6B-494E-B55E-E439A151D6B8}"
EndProject
Global
	GlobalSection(SolutionConfigurationPlatforms) = preSolution
		Debug|Any CPU = Debug|Any CPU
		Release|Any CPU = Release|Any CPU
	EndGlobalSection
	GlobalSection(ProjectConfigurationPlatforms) = postSolution
		{3BFD26E8-960E-42F5-BF8D-342E1421042E}.Debug|Any CPU.ActiveCfg = Debug|Any CPU
		{3BFD26E8-960E-42F5-BF8D-342E1421042E}.Debug|Any CPU.Build.0 = Debug|Any CPU
		{3BFD26E8-960E-42F5-BF8D-342E1421042E}.Release|Any CPU.ActiveCfg = Release|Any CPU
		{3BFD26E8-960E-42F5-BF8D-342E1421042E}.Release|Any CPU.Build.0 = Release|Any CPU
		{EC290A96-2D6B-494E-B55E-E439A151D6B8}.Debug|Any CPU.ActiveCfg = Debug|Any CPU
		{EC290A96-2D6B-494E-B55E-E439A151D6B8}.Debug|Any CPU.Build.0 = Debug|Any CPU
		{EC290A96-2D6B-494E-B55E-E439A151D6B8}.Release|Any CPU.ActiveCfg = Release|Any CPU
		{EC290A96-2D6B-494E-B55E-E439A151D6B8}.Release|Any CPU.Build.0 = Release|Any CPU
	EndGlobalSection
	GlobalSection(SolutionProperties) = preSolution
		HideSolutionNode = FALSE
	EndGlobalSection
	GlobalSection(ExtensibilityGlobals) = postSolution
		SolutionGuid = {B283F38A-ABA3-4ADD-93D9-0C14C823B648}
	EndGlobalSection
EndGlobal
